
Microsoft Visual Studio Solution File, Format Version 12.00
# Visual Studio 15
VisualStudioVersion = 15.0.26730.16
MinimumVisualStudioVersion = 10.0.40219.1
Project("{8BC9CEB8-8B4A-11D0-8D11-00A0C91BC942}") = "Vanilla_Engine", "Vanilla_Engine\Vanilla_Engine.vcxproj", "{5B95B827-3041-46A8-9A7C-5CA55E4D5038}"
	ProjectSection(ProjectDependencies) = postProject
		{BAAA272B-D274-400F-AC33-56A076120EF0} = {BAAA272B-D274-400F-AC33-56A076120EF0}
		{3D7C7B6B-B58E-4C6D-BC55-34B86C20C705} = {3D7C7B6B-B58E-4C6D-BC55-34B86C20C705}
	EndProjectSection
EndProject
Project("{8BC9CEB8-8B4A-11D0-8D11-00A0C91BC942}") = "Plugin", "Plugin\Plugin.vcxproj", "{3D7C7B6B-B58E-4C6D-BC55-34B86C20C705}"
	ProjectSection(ProjectDependencies) = postProject
		{BAAA272B-D274-400F-AC33-56A076120EF0} = {BAAA272B-D274-400F-AC33-56A076120EF0}
	EndProjectSection
EndProject
Project("{8BC9CEB8-8B4A-11D0-8D11-00A0C91BC942}") = "Shared", "Shared\Shared.vcxproj", "{BAAA272B-D274-400F-AC33-56A076120EF0}"
EndProject
Global
	GlobalSection(SolutionConfigurationPlatforms) = preSolution
		Debug|x64 = Debug|x64
		Debug|x86 = Debug|x86
		Release|x64 = Release|x64
		Release|x86 = Release|x86
	EndGlobalSection
	GlobalSection(ProjectConfigurationPlatforms) = postSolution
		{5B95B827-3041-46A8-9A7C-5CA55E4D5038}.Debug|x64.ActiveCfg = Debug|x64
		{5B95B827-3041-46A8-9A7C-5CA55E4D5038}.Debug|x64.Build.0 = Debug|x64
		{5B95B827-3041-46A8-9A7C-5CA55E4D5038}.Debug|x86.ActiveCfg = Debug|Win32
		{5B95B827-3041-46A8-9A7C-5CA55E4D5038}.Debug|x86.Build.0 = Debug|Win32
		{5B95B827-3041-46A8-9A7C-5CA55E4D5038}.Release|x64.ActiveCfg = Release|x64
		{5B95B827-3041-46A8-9A7C-5CA55E4D5038}.Release|x64.Build.0 = Release|x64
		{5B95B827-3041-46A8-9A7C-5CA55E4D5038}.Release|x86.ActiveCfg = Release|Win32
		{5B95B827-3041-46A8-9A7C-5CA55E4D5038}.Release|x86.Build.0 = Release|Win32
		{3D7C7B6B-B58E-4C6D-BC55-34B86C20C705}.Debug|x64.ActiveCfg = Debug|x64
		{3D7C7B6B-B58E-4C6D-BC55-34B86C20C705}.Debug|x64.Build.0 = Debug|x64
		{3D7C7B6B-B58E-4C6D-BC55-34B86C20C705}.Debug|x86.ActiveCfg = Debug|Win32
		{3D7C7B6B-B58E-4C6D-BC55-34B86C20C705}.Debug|x86.Build.0 = Debug|Win32
		{3D7C7B6B-B58E-4C6D-BC55-34B86C20C705}.Release|x64.ActiveCfg = Release|x64
		{3D7C7B6B-B58E-4C6D-BC55-34B86C20C705}.Release|x64.Build.0 = Release|x64
		{3D7C7B6B-B58E-4C6D-BC55-34B86C20C705}.Release|x86.ActiveCfg = Release|Win32
		{3D7C7B6B-B58E-4C6D-BC55-34B86C20C705}.Release|x86.Build.0 = Release|Win32
		{BAAA272B-D274-400F-AC33-56A076120EF0}.Debug|x64.ActiveCfg = Debug|x64
		{BAAA272B-D274-400F-AC33-56A076120EF0}.Debug|x64.Build.0 = Debug|x64
		{BAAA272B-D274-400F-AC33-56A076120EF0}.Debug|x86.ActiveCfg = Debug|Win32
		{BAAA272B-D274-400F-AC33-56A076120EF0}.Debug|x86.Build.0 = Debug|Win32
		{BAAA272B-D274-400F-AC33-56A076120EF0}.Release|x64.ActiveCfg = Release|x64
		{BAAA272B-D274-400F-AC33-56A076120EF0}.Release|x64.Build.0 = Release|x64
		{BAAA272B-D274-400F-AC33-56A076120EF0}.Release|x86.ActiveCfg = Release|Win32
		{BAAA272B-D274-400F-AC33-56A076120EF0}.Release|x86.Build.0 = Release|Win32
	EndGlobalSection
	GlobalSection(SolutionProperties) = preSolution
		HideSolutionNode = FALSE
	EndGlobalSection
	GlobalSection(ExtensibilityGlobals) = postSolution
		SolutionGuid = {5066F0C9-37A0-4E78-B32F-D7452557AE50}
	EndGlobalSection
EndGlobal
